<?xml version="1.0" encoding="utf-8"?>
<Project ToolsVersion="4.0" xmlns="http://schemas.microsoft.com/developer/msbuild/2003">
  <ItemGroup>
    <Filter Include="Source Files">
      <UniqueIdentifier>{4FC737F1-C7A5-4376-A066-2A32D752A2FF}</UniqueIdentifier>
      <Extensions>cpp;c;cc;cxx;def;odl;idl;hpj;bat;asm;asmx</Extensions>
    </Filter>
    <Filter Include="Header Files">
      <UniqueIdentifier>{93995380-89BD-4b04-88EB-625FBE52EBFB}</UniqueIdentifier>
      <Extensions>h;hh;hpp;hxx;hm;inl;inc;ipp;xsd</Extensions>
    </Filter>
    <Filter Include="Resource Files">
      <UniqueIdentifier>{67DA6AB6-F800-4c08-8B7A-83BB121AAD01}</UniqueIdentifier>
      <Extensions>rc;ico;cur;bmp;dlg;rc2;rct;bin;rgs;gif;jpg;jpeg;jpe;resx;tiff;tif;png;wav;mfcribbon-ms</Extensions>
    </Filter>
    <Filter Include="Source Files\buttons">
      <UniqueIdentifier>{837e71b0-c1d9-48f4-849c-6588080ee862}</UniqueIdentifier>
    </Filter>
    <Filter Include="Header Files\buttons">
      <UniqueIdentifier>{b410da6f-5974-4fc9-a11e-772bb43eaae1}</UniqueIdentifier>
    </Filter>
    <Filter Include="Source Files\chesspieces">
      <UniqueIdentifier>{2ae7339f-4401-4393-b3de-e79ce4b2a178}</UniqueIdentifier>
    </Filter>
    <Filter Include="Source Files\ai">
      <UniqueIdentifier>{8d664b76-8902-44a6-89b9-7600ff08ab2f}</UniqueIdentifier>
    </Filter>
    <Filter Include="Header Files\chesspieces">
      <UniqueIdentifier>{82da75ad-c303-47ff-9353-baf689393747}</UniqueIdentifier>
    </Filter>
    <Filter Include="Header Files\ai">
      <UniqueIdentifier>{8a042575-51c4-4a66-b2c0-4e67a70fe036}</UniqueIdentifier>
    </Filter>
  </ItemGroup>
  <ItemGroup>
    <ClCompile Include="main.cpp">
      <Filter>Source Files</Filter>
    </ClCompile>
    <ClCompile Include="MenuButton.cpp">
      <Filter>Source Files</Filter>
    </ClCompile>
    <ClCompile Include="GraphicEngine.cpp">
      <Filter>Source Files</Filter>
    </ClCompile>
    <ClCompile Include="Game.cpp">
      <Filter>Source Files</Filter>
    </ClCompile>
    <ClCompile Include="LayoutView.cpp">
      <Filter>Source Files</Filter>
    </ClCompile>
    <ClCompile Include="PositionTextureConverter.cpp">
      <Filter>Source Files</Filter>
    </ClCompile>
    <ClCompile Include="TextureResource.cpp">
      <Filter>Source Files</Filter>
    </ClCompile>
    <ClCompile Include="ResourceManager.cpp">
      <Filter>Source Files</Filter>
    </ClCompile>
    <ClCompile Include="OptionsButtonAction.cpp">
      <Filter>Source Files\buttons</Filter>
    </ClCompile>
    <ClCompile Include="MultiplayerGameButtonAction.cpp">
      <Filter>Source Files\buttons</Filter>
    </ClCompile>
    <ClCompile Include="QuitButtonAction.cpp">
      <Filter>Source Files\buttons</Filter>
    </ClCompile>
    <ClCompile Include="SingleGameButtonAction.cpp">
      <Filter>Source Files\buttons</Filter>
    </ClCompile>
    <ClCompile Include="ClickEvent.cpp">
      <Filter>Source Files</Filter>
    </ClCompile>
    <ClCompile Include="ChessBoard.cpp">
      <Filter>Source Files</Filter>
    </ClCompile>
    <ClCompile Include="GameView.cpp">
      <Filter>Source Files</Filter>
    </ClCompile>
    <ClCompile Include="FieldSelector.cpp">
      <Filter>Source Files</Filter>
    </ClCompile>
    <ClCompile Include="GameModeButtonAction.cpp">
      <Filter>Source Files\buttons</Filter>
    </ClCompile>
    <ClCompile Include="InstructionButtonAction.cpp">
      <Filter>Source Files\buttons</Filter>
    </ClCompile>
    <ClCompile Include="CreditsButtonAction.cpp">
      <Filter>Source Files\buttons</Filter>
    </ClCompile>
    <ClCompile Include="CreditsView.cpp">
      <Filter>Source Files</Filter>
    </ClCompile>
    <ClCompile Include="OptionsView.cpp">
      <Filter>Source Files</Filter>
    </ClCompile>
    <ClCompile Include="GameSettings.cpp">
      <Filter>Source Files</Filter>
    </ClCompile>
    <ClCompile Include="LevelOptionsButton.cpp">
      <Filter>Source Files\buttons</Filter>
    </ClCompile>
    <ClCompile Include="Bishop.cpp">
      <Filter>Source Files\chesspieces</Filter>
    </ClCompile>
    <ClCompile Include="ChessPiece.cpp">
      <Filter>Source Files\chesspieces</Filter>
    </ClCompile>
    <ClCompile Include="King.cpp">
      <Filter>Source Files\chesspieces</Filter>
    </ClCompile>
    <ClCompile Include="Knight.cpp">
      <Filter>Source Files\chesspieces</Filter>
    </ClCompile>
    <ClCompile Include="Pawn.cpp">
      <Filter>Source Files\chesspieces</Filter>
    </ClCompile>
    <ClCompile Include="Queen.cpp">
      <Filter>Source Files\chesspieces</Filter>
    </ClCompile>
    <ClCompile Include="Rook.cpp">
      <Filter>Source Files\chesspieces</Filter>
    </ClCompile>
    <ClCompile Include="ChessAI.cpp">
      <Filter>Source Files</Filter>
    </ClCompile>
    <ClCompile Include="SimpleChessField.cpp">
      <Filter>Source Files</Filter>
    </ClCompile>
    <ClCompile Include="ChessAiMove.cpp">
      <Filter>Source Files</Filter>
    </ClCompile>
  </ItemGroup>
  <ItemGroup>
    <ClInclude Include="MenuButton.h">
      <Filter>Header Files</Filter>
    </ClInclude>
    <ClInclude Include="GraphicEngine.h">
      <Filter>Header Files</Filter>
    </ClInclude>
    <ClInclude Include="Game.h">
      <Filter>Header Files</Filter>
    </ClInclude>
    <ClInclude Include="LayoutView.h">
      <Filter>Header Files</Filter>
    </ClInclude>
    <ClInclude Include="PositionTextureConverter.h">
      <Filter>Header Files</Filter>
    </ClInclude>
    <ClInclude Include="TextureResource.h">
      <Filter>Header Files</Filter>
    </ClInclude>
    <ClInclude Include="ResourceManager.h">
      <Filter>Header Files</Filter>
    </ClInclude>
    <ClInclude Include="ResourceKeys.h">
      <Filter>Header Files</Filter>
    </ClInclude>
    <ClInclude Include="MultiplayerGameButtonAction.h">
      <Filter>Header Files\buttons</Filter>
    </ClInclude>
    <ClInclude Include="OptionsButtonAction.h">
      <Filter>Header Files\buttons</Filter>
    </ClInclude>
    <ClInclude Include="QuitButtonAction.h">
      <Filter>Header Files\buttons</Filter>
    </ClInclude>
    <ClInclude Include="SingleGameButtonAction.h">
      <Filter>Header Files\buttons</Filter>
    </ClInclude>
    <ClInclude Include="CreditsButtonAction.h">
      <Filter>Header Files\buttons</Filter>
    </ClInclude>
    <ClInclude Include="ClickEvent.h">
      <Filter>Header Files</Filter>
    </ClInclude>
    <ClInclude Include="ChessEnums.h">
      <Filter>Header Files</Filter>
    </ClInclude>
    <ClInclude Include="ChessBoard.h">
      <Filter>Header Files</Filter>
    </ClInclude>
    <ClInclude Include="FieldSelector.h">
      <Filter>Header Files</Filter>
    </ClInclude>
    <ClInclude Include="SimpleChessField.h">
      <Filter>Header Files</Filter>
    </ClInclude>
    <ClInclude Include="Queen.h">
      <Filter>Header Files</Filter>
    </ClInclude>
    <ClInclude Include="GameModeButtonAction.h">
      <Filter>Header Files\buttons</Filter>
    </ClInclude>
    <ClInclude Include="InstructionButtonAction.h">
      <Filter>Header Files\buttons</Filter>
    </ClInclude>
    <ClInclude Include="CreditsView.h">
      <Filter>Header Files</Filter>
    </ClInclude>
    <ClInclude Include="OptionsView.h">
      <Filter>Header Files</Filter>
    </ClInclude>
    <ClInclude Include="GameSettings.h">
      <Filter>Header Files</Filter>
    </ClInclude>
    <ClInclude Include="LevelOptionsButton.h">
      <Filter>Header Files\buttons</Filter>
    </ClInclude>
    <ClInclude Include="Bishop.h">
      <Filter>Header Files\chesspieces</Filter>
    </ClInclude>
    <ClInclude Include="King.h">
      <Filter>Header Files\chesspieces</Filter>
    </ClInclude>
    <ClInclude Include="Knight.h">
      <Filter>Header Files\chesspieces</Filter>
    </ClInclude>
    <ClInclude Include="ChessPiece.h">
      <Filter>Header Files\chesspieces</Filter>
    </ClInclude>
    <ClInclude Include="Pawn.h">
      <Filter>Header Files\chesspieces</Filter>
    </ClInclude>
    <ClInclude Include="Rook.h">
      <Filter>Header Files\chesspieces</Filter>
    </ClInclude>
    <ClInclude Include="ChessAI.h">
      <Filter>Header Files\ai</Filter>
    </ClInclude>
    <ClInclude Include="ChessAiMove.h">
      <Filter>Header Files\ai</Filter>
    </ClInclude>
    <ClInclude Include="ChessAiPositionEstimation.h">
      <Filter>Header Files\ai</Filter>
    </ClInclude>
    <ClInclude Include="GameView.h">
      <Filter>Header Files</Filter>
    </ClInclude>
  </ItemGroup>
  <ItemGroup>
    <Font Include="resources\BOOKOSB.TTF">
      <Filter>Resource Files</Filter>
    </Font>
    <Font Include="resources\coolvetica rg.ttf">
      <Filter>Resource Files</Filter>
    </Font>
  </ItemGroup>
  <ItemGroup>
    <Image Include="resources\buttons.png">
      <Filter>Resource Files</Filter>
    </Image>
    <Image Include="resources\menu.png">
      <Filter>Resource Files</Filter>
    </Image>
    <Image Include="resources\fields.png">
      <Filter>Resource Files</Filter>
    </Image>
    <Image Include="resources\game_mode_buttons.png">
      <Filter>Resource Files</Filter>
    </Image>
  </ItemGroup>
</Project>